{
  "name": "tara-html-template-main-1.1.1",
  "lockfileVersion": 3,
  "requires": true,
  "packages": {
    "": {
      "dependencies": {
        "@majidh1/jalalidatepicker": "^0.9.6"
      }
    },
    "node_modules/@majidh1/jalalidatepicker": {
      "version": "0.9.6",
      "resolved": "https://registry.npmjs.org/@majidh1/jalalidatepicker/-/jalalidatepicker-0.9.6.tgz",
      "integrity": "sha512-RhkmYBoondfRsbf8oNi8q5h5mntfdjkOopk0qIQoYanT9jZ71Qnm1GvgEiHOtMgZJNYUoCPqH714bV7nyb1VtA==",
      "license": "MIT"
    }
  }
}
